// !$*UTF8*$!
{
	archiveVersion = 1;
	classes = {
	};
	objectVersion = 56;
	objects = {

/* Begin PBXBuildFile section */
		E10CAB532AAF5D88004AF7F2 /* ExpenseTrackerApp.swift in Sources */ = {isa = PBXBuildFile; fileRef = E10CAB522AAF5D88004AF7F2 /* ExpenseTrackerApp.swift */; };
		E10CAB552AAF5D88004AF7F2 /* ContentView.swift in Sources */ = {isa = PBXBuildFile; fileRef = E10CAB542AAF5D88004AF7F2 /* ContentView.swift */; };
		E10CAB572AAF5D89004AF7F2 /* Assets.xcassets in Resources */ = {isa = PBXBuildFile; fileRef = E10CAB562AAF5D89004AF7F2 /* Assets.xcassets */; };
		E10CAB5A2AAF5D89004AF7F2 /* Preview Assets.xcassets in Resources */ = {isa = PBXBuildFile; fileRef = E10CAB592AAF5D89004AF7F2 /* Preview Assets.xcassets */; };
		E10CAB612AAF5F05004AF7F2 /* Extensions.swift in Sources */ = {isa = PBXBuildFile; fileRef = E10CAB602AAF5F05004AF7F2 /* Extensions.swift */; };
		E10CAB632AAF6A00004AF7F2 /* TransactionModel.swift in Sources */ = {isa = PBXBuildFile; fileRef = E10CAB622AAF6A00004AF7F2 /* TransactionModel.swift */; };
		E10CAB652AAF6B18004AF7F2 /* PreviewData.swift in Sources */ = {isa = PBXBuildFile; fileRef = E10CAB642AAF6B18004AF7F2 /* PreviewData.swift */; };
		E10CAB692AAF6C9B004AF7F2 /* TransactionRow.swift in Sources */ = {isa = PBXBuildFile; fileRef = E10CAB682AAF6C9B004AF7F2 /* TransactionRow.swift */; };
		E10CAB6C2AAF7147004AF7F2 /* SwiftUIFontIcon in Frameworks */ = {isa = PBXBuildFile; productRef = E10CAB6B2AAF7147004AF7F2 /* SwiftUIFontIcon */; };
		E10CAB6E2AAF71FA004AF7F2 /* TransactionListViewModel.swift in Sources */ = {isa = PBXBuildFile; fileRef = E10CAB6D2AAF71FA004AF7F2 /* TransactionListViewModel.swift */; };
		E10CAB702AAF769E004AF7F2 /* RecentTransactionList.swift in Sources */ = {isa = PBXBuildFile; fileRef = E10CAB6F2AAF769E004AF7F2 /* RecentTransactionList.swift */; };
		E10CAB722AAF8057004AF7F2 /* TransactionList.swift in Sources */ = {isa = PBXBuildFile; fileRef = E10CAB712AAF8057004AF7F2 /* TransactionList.swift */; };
/* End PBXBuildFile section */

/* Begin PBXFileReference section */
		E10CAB4F2AAF5D88004AF7F2 /* ExpenseTracker.app */ = {isa = PBXFileReference; explicitFileType = wrapper.application; includeInIndex = 0; path = ExpenseTracker.app; sourceTree = BUILT_PRODUCTS_DIR; };
		E10CAB522AAF5D88004AF7F2 /* ExpenseTrackerApp.swift */ = {isa = PBXFileReference; lastKnownFileType = sourcecode.swift; path = ExpenseTrackerApp.swift; sourceTree = "<group>"; };
		E10CAB542AAF5D88004AF7F2 /* ContentView.swift */ = {isa = PBXFileReference; lastKnownFileType = sourcecode.swift; path = ContentView.swift; sourceTree = "<group>"; };
		E10CAB562AAF5D89004AF7F2 /* Assets.xcassets */ = {isa = PBXFileReference; lastKnownFileType = folder.assetcatalog; path = Assets.xcassets; sourceTree = "<group>"; };
		E10CAB592AAF5D89004AF7F2 /* Preview Assets.xcassets */ = {isa = PBXFileReference; lastKnownFileType = folder.assetcatalog; path = "Preview Assets.xcassets"; sourceTree = "<group>"; };
		E10CAB602AAF5F05004AF7F2 /* Extensions.swift */ = {isa = PBXFileReference; lastKnownFileType = sourcecode.swift; path = Extensions.swift; sourceTree = "<group>"; };
		E10CAB622AAF6A00004AF7F2 /* TransactionModel.swift */ = {isa = PBXFileReference; lastKnownFileType = sourcecode.swift; path = TransactionModel.swift; sourceTree = "<group>"; };
		E10CAB642AAF6B18004AF7F2 /* PreviewData.swift */ = {isa = PBXFileReference; lastKnownFileType = sourcecode.swift; path = PreviewData.swift; sourceTree = "<group>"; };
		E10CAB682AAF6C9B004AF7F2 /* TransactionRow.swift */ = {isa = PBXFileReference; lastKnownFileType = sourcecode.swift; path = TransactionRow.swift; sourceTree = "<group>"; };
		E10CAB6D2AAF71FA004AF7F2 /* TransactionListViewModel.swift */ = {isa = PBXFileReference; lastKnownFileType = sourcecode.swift; path = TransactionListViewModel.swift; sourceTree = "<group>"; };
		E10CAB6F2AAF769E004AF7F2 /* RecentTransactionList.swift */ = {isa = PBXFileReference; lastKnownFileType = sourcecode.swift; path = RecentTransactionList.swift; sourceTree = "<group>"; };
		E10CAB712AAF8057004AF7F2 /* TransactionList.swift */ = {isa = PBXFileReference; lastKnownFileType = sourcecode.swift; path = TransactionList.swift; sourceTree = "<group>"; };
/* End PBXFileReference section */

/* Begin PBXFrameworksBuildPhase section */
		E10CAB4C2AAF5D87004AF7F2 /* Frameworks */ = {
			isa = PBXFrameworksBuildPhase;
			buildActionMask = 2147483647;
			files = (
				E10CAB6C2AAF7147004AF7F2 /* SwiftUIFontIcon in Frameworks */,
			);
			runOnlyForDeploymentPostprocessing = 0;
		};
/* End PBXFrameworksBuildPhase section */

/* Begin PBXGroup section */
		E10CAB462AAF5D87004AF7F2 = {
			isa = PBXGroup;
			children = (
				E10CAB512AAF5D88004AF7F2 /* ExpenseTracker */,
				E10CAB502AAF5D88004AF7F2 /* Products */,
			);
			sourceTree = "<group>";
		};
		E10CAB502AAF5D88004AF7F2 /* Products */ = {
			isa = PBXGroup;
			children = (
				E10CAB4F2AAF5D88004AF7F2 /* ExpenseTracker.app */,
			);
			name = Products;
			sourceTree = "<group>";
		};
		E10CAB512AAF5D88004AF7F2 /* ExpenseTracker */ = {
			isa = PBXGroup;
			children = (
				E10CAB522AAF5D88004AF7F2 /* ExpenseTrackerApp.swift */,
				E10CAB542AAF5D88004AF7F2 /* ContentView.swift */,
				E10CAB6F2AAF769E004AF7F2 /* RecentTransactionList.swift */,
				E10CAB712AAF8057004AF7F2 /* TransactionList.swift */,
				E10CAB562AAF5D89004AF7F2 /* Assets.xcassets */,
				E10CAB582AAF5D89004AF7F2 /* Preview Content */,
				E10CAB602AAF5F05004AF7F2 /* Extensions.swift */,
				E10CAB622AAF6A00004AF7F2 /* TransactionModel.swift */,
				E10CAB682AAF6C9B004AF7F2 /* TransactionRow.swift */,
				E10CAB6D2AAF71FA004AF7F2 /* TransactionListViewModel.swift */,
			);
			path = ExpenseTracker;
			sourceTree = "<group>";
		};
		E10CAB582AAF5D89004AF7F2 /* Preview Content */ = {
			isa = PBXGroup;
			children = (
				E10CAB592AAF5D89004AF7F2 /* Preview Assets.xcassets */,
				E10CAB642AAF6B18004AF7F2 /* PreviewData.swift */,
			);
			path = "Preview Content";
			sourceTree = "<group>";
		};
/* End PBXGroup section */

/* Begin PBXNativeTarget section */
		E10CAB4E2AAF5D87004AF7F2 /* ExpenseTracker */ = {
			isa = PBXNativeTarget;
			buildConfigurationList = E10CAB5D2AAF5D89004AF7F2 /* Build configuration list for PBXNativeTarget "ExpenseTracker" */;
			buildPhases = (
				E10CAB4B2AAF5D87004AF7F2 /* Sources */,
				E10CAB4C2AAF5D87004AF7F2 /* Frameworks */,
				E10CAB4D2AAF5D87004AF7F2 /* Resources */,
			);
			buildRules = (
			);
			dependencies = (
			);
			name = ExpenseTracker;
			packageProductDependencies = (
				E10CAB6B2AAF7147004AF7F2 /* SwiftUIFontIcon */,
			);
			productName = ExpenseTracker;
			productReference = E10CAB4F2AAF5D88004AF7F2 /* ExpenseTracker.app */;
			productType = "com.apple.product-type.application";
		};
/* End PBXNativeTarget section */

/* Begin PBXProject section */
		E10CAB472AAF5D87004AF7F2 /* Project object */ = {
			isa = PBXProject;
			attributes = {
				BuildIndependentTargetsInParallel = 1;
				LastSwiftUpdateCheck = 1430;
				LastUpgradeCheck = 1430;
				TargetAttributes = {
					E10CAB4E2AAF5D87004AF7F2 = {
						CreatedOnToolsVersion = 14.3.1;
					};
				};
			};
			buildConfigurationList = E10CAB4A2AAF5D87004AF7F2 /* Build configuration list for PBXProject "ExpenseTracker" */;
			compatibilityVersion = "Xcode 14.0";
			developmentRegion = en;
			hasScannedForEncodings = 0;
			knownRegions = (
				en,
				Base,
			);
			mainGroup = E10CAB462AAF5D87004AF7F2;
			packageReferences = (
				E10CAB6A2AAF7147004AF7F2 /* XCRemoteSwiftPackageReference "SwiftUIFontIcon" */,
			);
			productRefGroup = E10CAB502AAF5D88004AF7F2 /* Products */;
			projectDirPath = "";
			projectRoot = "";
			targets = (
				E10CAB4E2AAF5D87004AF7F2 /* ExpenseTracker */,
			);
		};
/* End PBXProject section */

/* Begin PBXResourcesBuildPhase section */
		E10CAB4D2AAF5D87004AF7F2 /* Resources */ = {
			isa = PBXResourcesBuildPhase;
			buildActionMask = 2147483647;
			files = (
				E10CAB5A2AAF5D89004AF7F2 /* Preview Assets.xcassets in Resources */,
				E10CAB572AAF5D89004AF7F2 /* Assets.xcassets in Resources */,
			);
			runOnlyForDeploymentPostprocessing = 0;
		};
/* End PBXResourcesBuildPhase section */

/* Begin PBXSourcesBuildPhase section */
		E10CAB4B2AAF5D87004AF7F2 /* Sources */ = {
			isa = PBXSourcesBuildPhase;
			buildActionMask = 2147483647;
			files = (
				E10CAB652AAF6B18004AF7F2 /* PreviewData.swift in Sources */,
				E10CAB722AAF8057004AF7F2 /* TransactionList.swift in Sources */,
				E10CAB702AAF769E004AF7F2 /* RecentTransactionList.swift in Sources */,
				E10CAB632AAF6A00004AF7F2 /* TransactionModel.swift in Sources */,
				E10CAB552AAF5D88004AF7F2 /* ContentView.swift in Sources */,
				E10CAB692AAF6C9B004AF7F2 /* TransactionRow.swift in Sources */,
				E10CAB612AAF5F05004AF7F2 /* Extensions.swift in Sources */,
				E10CAB6E2AAF71FA004AF7F2 /* TransactionListViewModel.swift in Sources */,
				E10CAB532AAF5D88004AF7F2 /* ExpenseTrackerApp.swift in Sources */,
			);
			runOnlyForDeploymentPostprocessing = 0;
		};
/* End PBXSourcesBuildPhase section */

/* Begin XCBuildConfiguration section */
		E10CAB5B2AAF5D89004AF7F2 /* Debug */ = {
			isa = XCBuildConfiguration;
			buildSettings = {
				ALWAYS_SEARCH_USER_PATHS = NO;
				CLANG_ANALYZER_NONNULL = YES;
				CLANG_ANALYZER_NUMBER_OBJECT_CONVERSION = YES_AGGRESSIVE;
				CLANG_CXX_LANGUAGE_STANDARD = "gnu++20";
				CLANG_ENABLE_MODULES = YES;
				CLANG_ENABLE_OBJC_ARC = YES;
				CLANG_ENABLE_OBJC_WEAK = YES;
				CLANG_WARN_BLOCK_CAPTURE_AUTORELEASING = YES;
				CLANG_WARN_BOOL_CONVERSION = YES;
				CLANG_WARN_COMMA = YES;
				CLANG_WARN_CONSTANT_CONVERSION = YES;
				CLANG_WARN_DEPRECATED_OBJC_IMPLEMENTATIONS = YES;
				CLANG_WARN_DIRECT_OBJC_ISA_USAGE = YES_ERROR;
				CLANG_WARN_DOCUMENTATION_COMMENTS = YES;
				CLANG_WARN_EMPTY_BODY = YES;
				CLANG_WARN_ENUM_CONVERSION = YES;
				CLANG_WARN_INFINITE_RECURSION = YES;
				CLANG_WARN_INT_CONVERSION = YES;
				CLANG_WARN_NON_LITERAL_NULL_CONVERSION = YES;
				CLANG_WARN_OBJC_IMPLICIT_RETAIN_SELF = YES;
				CLANG_WARN_OBJC_LITERAL_CONVERSION = YES;
				CLANG_WARN_OBJC_ROOT_CLASS = YES_ERROR;
				CLANG_WARN_QUOTED_INCLUDE_IN_FRAMEWORK_HEADER = YES;
				CLANG_WARN_RANGE_LOOP_ANALYSIS = YES;
				CLANG_WARN_STRICT_PROTOTYPES = YES;
				CLANG_WARN_SUSPICIOUS_MOVE = YES;
				CLANG_WARN_UNGUARDED_AVAILABILITY = YES_AGGRESSIVE;
				CLANG_WARN_UNREACHABLE_CODE = YES;
				CLANG_WARN__DUPLICATE_METHOD_MATCH = YES;
				COPY_PHASE_STRIP = NO;
				DEBUG_INFORMATION_FORMAT = dwarf;
				ENABLE_STRICT_OBJC_MSGSEND = YES;
				ENABLE_TESTABILITY = YES;
				GCC_C_LANGUAGE_STANDARD = gnu11;
				GCC_DYNAMIC_NO_PIC = NO;
				GCC_NO_COMMON_BLOCKS = YES;
				GCC_OPTIMIZATION_LEVEL = 0;
				GCC_PREPROCESSOR_DEFINITIONS = (
					"DEBUG=1",
					"$(inherited)",
				);
				GCC_WARN_64_TO_32_BIT_CONVERSION = YES;
				GCC_WARN_ABOUT_RETURN_TYPE = YES_ERROR;
				GCC_WARN_UNDECLARED_SELECTOR = YES;
				GCC_WARN_UNINITIALIZED_AUTOS = YES_AGGRESSIVE;
				GCC_WARN_UNUSED_FUNCTION = YES;
				GCC_WARN_UNUSED_VARIABLE = YES;
				IPHONEOS_DEPLOYMENT_TARGET = 16.4;
				MTL_ENABLE_DEBUG_INFO = INCLUDE_SOURCE;
				MTL_FAST_MATH = YES;
				ONLY_ACTIVE_ARCH = YES;
				SDKROOT = iphoneos;
				SWIFT_ACTIVE_COMPILATION_CONDITIONS = DEBUG;
				SWIFT_OPTIMIZATION_LEVEL = "-Onone";
			};
			name = Debug;
		};
		E10CAB5C2AAF5D89004AF7F2 /* Release */ = {
			isa = XCBuildConfiguration;
			buildSettings = {
				ALWAYS_SEARCH_USER_PATHS = NO;
				CLANG_ANALYZER_NONNULL = YES;
				CLANG_ANALYZER_NUMBER_OBJECT_CONVERSION = YES_AGGRESSIVE;
				CLANG_CXX_LANGUAGE_STANDARD = "gnu++20";
				CLANG_ENABLE_MODULES = YES;
				CLANG_ENABLE_OBJC_ARC = YES;
				CLANG_ENABLE_OBJC_WEAK = YES;
				CLANG_WARN_BLOCK_CAPTURE_AUTORELEASING = YES;
				CLANG_WARN_BOOL_CONVERSION = YES;
				CLANG_WARN_COMMA = YES;
				CLANG_WARN_CONSTANT_CONVERSION = YES;
				CLANG_WARN_DEPRECATED_OBJC_IMPLEMENTATIONS = YES;
				CLANG_WARN_DIRECT_OBJC_ISA_USAGE = YES_ERROR;
				CLANG_WARN_DOCUMENTATION_COMMENTS = YES;
				CLANG_WARN_EMPTY_BODY = YES;
				CLANG_WARN_ENUM_CONVERSION = YES;
				CLANG_WARN_INFINITE_RECURSION = YES;
				CLANG_WARN_INT_CONVERSION = YES;
				CLANG_WARN_NON_LITERAL_NULL_CONVERSION = YES;
				CLANG_WARN_OBJC_IMPLICIT_RETAIN_SELF = YES;
				CLANG_WARN_OBJC_LITERAL_CONVERSION = YES;
				CLANG_WARN_OBJC_ROOT_CLASS = YES_ERROR;
				CLANG_WARN_QUOTED_INCLUDE_IN_FRAMEWORK_HEADER = YES;
				CLANG_WARN_RANGE_LOOP_ANALYSIS = YES;
				CLANG_WARN_STRICT_PROTOTYPES = YES;
				CLANG_WARN_SUSPICIOUS_MOVE = YES;
				CLANG_WARN_UNGUARDED_AVAILABILITY = YES_AGGRESSIVE;
				CLANG_WARN_UNREACHABLE_CODE = YES;
				CLANG_WARN__DUPLICATE_METHOD_MATCH = YES;
				COPY_PHASE_STRIP = NO;
				DEBUG_INFORMATION_FORMAT = "dwarf-with-dsym";
				ENABLE_NS_ASSERTIONS = NO;
				ENABLE_STRICT_OBJC_MSGSEND = YES;
				GCC_C_LANGUAGE_STANDARD = gnu11;
				GCC_NO_COMMON_BLOCKS = YES;
				GCC_WARN_64_TO_32_BIT_CONVERSION = YES;
				GCC_WARN_ABOUT_RETURN_TYPE = YES_ERROR;
				GCC_WARN_UNDECLARED_SELECTOR = YES;
				GCC_WARN_UNINITIALIZED_AUTOS = YES_AGGRESSIVE;
				GCC_WARN_UNUSED_FUNCTION = YES;
				GCC_WARN_UNUSED_VARIABLE = YES;
				IPHONEOS_DEPLOYMENT_TARGET = 16.4;
				MTL_ENABLE_DEBUG_INFO = NO;
				MTL_FAST_MATH = YES;
				SDKROOT = iphoneos;
				SWIFT_COMPILATION_MODE = wholemodule;
				SWIFT_OPTIMIZATION_LEVEL = "-O";
				VALIDATE_PRODUCT = YES;
			};
			name = Release;
		};
		E10CAB5E2AAF5D89004AF7F2 /* Debug */ = {
			isa = XCBuildConfiguration;
			buildSettings = {
				ASSETCATALOG_COMPILER_APPICON_NAME = AppIcon;
				ASSETCATALOG_COMPILER_GLOBAL_ACCENT_COLOR_NAME = AccentColor;
				CODE_SIGN_STYLE = Automatic;
				CURRENT_PROJECT_VERSION = 1;
				DEVELOPMENT_ASSET_PATHS = "\"ExpenseTracker/Preview Content\"";
				DEVELOPMENT_TEAM = VF6JHT8XMV;
				ENABLE_PREVIEWS = YES;
				GENERATE_INFOPLIST_FILE = YES;
				INFOPLIST_KEY_UIApplicationSceneManifest_Generation = YES;
				INFOPLIST_KEY_UIApplicationSupportsIndirectInputEvents = YES;
				INFOPLIST_KEY_UILaunchScreen_Generation = YES;
				INFOPLIST_KEY_UISupportedInterfaceOrientations_iPad = "UIInterfaceOrientationPortrait UIInterfaceOrientationPortraitUpsideDown UIInterfaceOrientationLandscapeLeft UIInterfaceOrientationLandscapeRight";
				INFOPLIST_KEY_UISupportedInterfaceOrientations_iPhone = "UIInterfaceOrientationPortrait UIInterfaceOrientationLandscapeLeft UIInterfaceOrientationLandscapeRight";
				LD_RUNPATH_SEARCH_PATHS = (
					"$(inherited)",
					"@executable_path/Frameworks",
				);
				MARKETING_VERSION = 1.0;
				PRODUCT_BUNDLE_IDENTIFIER = dionarya.github.io.ExpenseTracker;
				PRODUCT_NAME = "$(TARGET_NAME)";
				SWIFT_EMIT_LOC_STRINGS = YES;
				SWIFT_VERSION = 5.0;
				TARGETED_DEVICE_FAMILY = "1,2";
			};
			name = Debug;
		};
		E10CAB5F2AAF5D89004AF7F2 /* Release */ = {
			isa = XCBuildConfiguration;
			buildSettings = {
				ASSETCATALOG_COMPILER_APPICON_NAME = AppIcon;
				ASSETCATALOG_COMPILER_GLOBAL_ACCENT_COLOR_NAME = AccentColor;
				CODE_SIGN_STYLE = Automatic;
				CURRENT_PROJECT_VERSION = 1;
				DEVELOPMENT_ASSET_PATHS = "\"ExpenseTracker/Preview Content\"";
				DEVELOPMENT_TEAM = VF6JHT8XMV;
				ENABLE_PREVIEWS = YES;
				GENERATE_INFOPLIST_FILE = YES;
				INFOPLIST_KEY_UIApplicationSceneManifest_Generation = YES;
				INFOPLIST_KEY_UIApplicationSupportsIndirectInputEvents = YES;
				INFOPLIST_KEY_UILaunchScreen_Generation = YES;
				INFOPLIST_KEY_UISupportedInterfaceOrientations_iPad = "UIInterfaceOrientationPortrait UIInterfaceOrientationPortraitUpsideDown UIInterfaceOrientationLandscapeLeft UIInterfaceOrientationLandscapeRight";
				INFOPLIST_KEY_UISupportedInterfaceOrientations_iPhone = "UIInterfaceOrientationPortrait UIInterfaceOrientationLandscapeLeft UIInterfaceOrientationLandscapeRight";
				LD_RUNPATH_SEARCH_PATHS = (
					"$(inherited)",
					"@executable_path/Frameworks",
				);
				MARKETING_VERSION = 1.0;
				PRODUCT_BUNDLE_IDENTIFIER = dionarya.github.io.ExpenseTracker;
				PRODUCT_NAME = "$(TARGET_NAME)";
				SWIFT_EMIT_LOC_STRINGS = YES;
				SWIFT_VERSION = 5.0;
				TARGETED_DEVICE_FAMILY = "1,2";
			};
			name = Release;
		};
/* End XCBuildConfiguration section */

/* Begin XCConfigurationList section */
		E10CAB4A2AAF5D87004AF7F2 /* Build configuration list for PBXProject "ExpenseTracker" */ = {
			isa = XCConfigurationList;
			buildConfigurations = (
				E10CAB5B2AAF5D89004AF7F2 /* Debug */,
				E10CAB5C2AAF5D89004AF7F2 /* Release */,
			);
			defaultConfigurationIsVisible = 0;
			defaultConfigurationName = Release;
		};
		E10CAB5D2AAF5D89004AF7F2 /* Build configuration list for PBXNativeTarget "ExpenseTracker" */ = {
			isa = XCConfigurationList;
			buildConfigurations = (
				E10CAB5E2AAF5D89004AF7F2 /* Debug */,
				E10CAB5F2AAF5D89004AF7F2 /* Release */,
			);
			defaultConfigurationIsVisible = 0;
			defaultConfigurationName = Release;
		};
/* End XCConfigurationList section */

/* Begin XCRemoteSwiftPackageReference section */
		E10CAB6A2AAF7147004AF7F2 /* XCRemoteSwiftPackageReference "SwiftUIFontIcon" */ = {
			isa = XCRemoteSwiftPackageReference;
			repositoryURL = "https://github.com/huybuidac/SwiftUIFontIcon";
			requirement = {
				branch = master;
				kind = branch;
			};
		};
/* End XCRemoteSwiftPackageReference section */

/* Begin XCSwiftPackageProductDependency section */
		E10CAB6B2AAF7147004AF7F2 /* SwiftUIFontIcon */ = {
			isa = XCSwiftPackageProductDependency;
			package = E10CAB6A2AAF7147004AF7F2 /* XCRemoteSwiftPackageReference "SwiftUIFontIcon" */;
			productName = SwiftUIFontIcon;
		};
/* End XCSwiftPackageProductDependency section */
	};
	rootObject = E10CAB472AAF5D87004AF7F2 /* Project object */;
}
